// !$*UTF8*$!
{
	archiveVersion = 1;
	classes = {
	};
	objectVersion = 55;
	objects = {

/* Begin PBXBuildFile section */
		1C6C6836280FA3BE006D3338 /* PasswordVC.swift in Sources */ = {isa = PBXBuildFile; fileRef = 1C6C6835280FA3BE006D3338 /* PasswordVC.swift */; };
		1CA8CF68281B8EC0004AC253 /* profileVC.swift in Sources */ = {isa = PBXBuildFile; fileRef = 1CA8CF67281B8EC0004AC253 /* profileVC.swift */; };
		C7077AF2280F3EE100B52A0C /* DesignExtension.swift in Sources */ = {isa = PBXBuildFile; fileRef = C7077AF1280F3EE100B52A0C /* DesignExtension.swift */; };
		C7077AF4280F3F2E00B52A0C /* FirstLastNameVC.swift in Sources */ = {isa = PBXBuildFile; fileRef = C7077AF3280F3F2E00B52A0C /* FirstLastNameVC.swift */; };
		C7077AF6280F469C00B52A0C /* EmailPhoneVC.swift in Sources */ = {isa = PBXBuildFile; fileRef = C7077AF5280F469C00B52A0C /* EmailPhoneVC.swift */; };
		C722BF612818B01100458FAC /* HomeVC.swift in Sources */ = {isa = PBXBuildFile; fileRef = C722BF602818B01100458FAC /* HomeVC.swift */; };
		C722BF632818F1AC00458FAC /* HomelessVC.swift in Sources */ = {isa = PBXBuildFile; fileRef = C722BF622818F1AC00458FAC /* HomelessVC.swift */; };
		C722BF652819CF6B00458FAC /* YourChoreCell.swift in Sources */ = {isa = PBXBuildFile; fileRef = C722BF642819CF6B00458FAC /* YourChoreCell.swift */; };
		C722BF67281A213000458FAC /* ChoreHalfSheetVC.swift in Sources */ = {isa = PBXBuildFile; fileRef = C722BF66281A213000458FAC /* ChoreHalfSheetVC.swift */; };
		C722BF69281A55E500458FAC /* AssignedMemberCell.swift in Sources */ = {isa = PBXBuildFile; fileRef = C722BF68281A55E500458FAC /* AssignedMemberCell.swift */; };
		C73FEBDF280DE8D100C11888 /* AppDelegate.swift in Sources */ = {isa = PBXBuildFile; fileRef = C73FEBDE280DE8D100C11888 /* AppDelegate.swift */; };
		C73FEBE1280DE8D100C11888 /* SceneDelegate.swift in Sources */ = {isa = PBXBuildFile; fileRef = C73FEBE0280DE8D100C11888 /* SceneDelegate.swift */; };
		C73FEBE6280DE8D100C11888 /* Main.storyboard in Resources */ = {isa = PBXBuildFile; fileRef = C73FEBE4280DE8D100C11888 /* Main.storyboard */; };
		C73FEBE8280DE8D300C11888 /* Assets.xcassets in Resources */ = {isa = PBXBuildFile; fileRef = C73FEBE7280DE8D300C11888 /* Assets.xcassets */; };
		C73FEBEB280DE8D300C11888 /* LaunchScreen.storyboard in Resources */ = {isa = PBXBuildFile; fileRef = C73FEBE9280DE8D300C11888 /* LaunchScreen.storyboard */; };
		C73FEBF6280DE8D300C11888 /* HousematesTests.swift in Sources */ = {isa = PBXBuildFile; fileRef = C73FEBF5280DE8D300C11888 /* HousematesTests.swift */; };
		C73FEC00280DE8D300C11888 /* HousematesUITests.swift in Sources */ = {isa = PBXBuildFile; fileRef = C73FEBFF280DE8D300C11888 /* HousematesUITests.swift */; };
		C73FEC02280DE8D300C11888 /* HousematesUITestsLaunchTests.swift in Sources */ = {isa = PBXBuildFile; fileRef = C73FEC01280DE8D300C11888 /* HousematesUITestsLaunchTests.swift */; };
		C73FEC13280DF40600C11888 /* LoginVC.swift in Sources */ = {isa = PBXBuildFile; fileRef = C73FEC12280DF40600C11888 /* LoginVC.swift */; };
		C76F0FF3281C7BEC0071C82A /* ServerExtension.swift in Sources */ = {isa = PBXBuildFile; fileRef = C76F0FF2281C7BEC0071C82A /* ServerExtension.swift */; };
		C76F0FF5281C85020071C82A /* ChoresVC.swift in Sources */ = {isa = PBXBuildFile; fileRef = C76F0FF4281C85020071C82A /* ChoresVC.swift */; };
		C76F0FF7281C8A5A0071C82A /* CustomSegue.swift in Sources */ = {isa = PBXBuildFile; fileRef = C76F0FF6281C8A5A0071C82A /* CustomSegue.swift */; };
		C76F0FF9281F1F590071C82A /* MembersVC.swift in Sources */ = {isa = PBXBuildFile; fileRef = C76F0FF8281F1F590071C82A /* MembersVC.swift */; };
		C76F0FFD281F26FE0071C82A /* DimmingVC.swift in Sources */ = {isa = PBXBuildFile; fileRef = C76F0FFC281F26FE0071C82A /* DimmingVC.swift */; };
		C76F1003282049C10071C82A /* MemberCell.swift in Sources */ = {isa = PBXBuildFile; fileRef = C76F1002282049C10071C82A /* MemberCell.swift */; };
		C7D453B32825A35400DFBB83 /* AddChoresVC.swift in Sources */ = {isa = PBXBuildFile; fileRef = C7D453B22825A35300DFBB83 /* AddChoresVC.swift */; };
/* End PBXBuildFile section */

/* Begin PBXContainerItemProxy section */
		C73FEBF2280DE8D300C11888 /* PBXContainerItemProxy */ = {
			isa = PBXContainerItemProxy;
			containerPortal = C73FEBD3280DE8D100C11888 /* Project object */;
			proxyType = 1;
			remoteGlobalIDString = C73FEBDA280DE8D100C11888;
			remoteInfo = Housemates;
		};
		C73FEBFC280DE8D300C11888 /* PBXContainerItemProxy */ = {
			isa = PBXContainerItemProxy;
			containerPortal = C73FEBD3280DE8D100C11888 /* Project object */;
			proxyType = 1;
			remoteGlobalIDString = C73FEBDA280DE8D100C11888;
			remoteInfo = Housemates;
		};
/* End PBXContainerItemProxy section */

/* Begin PBXFileReference section */
		1C6C6835280FA3BE006D3338 /* PasswordVC.swift */ = {isa = PBXFileReference; lastKnownFileType = sourcecode.swift; path = PasswordVC.swift; sourceTree = "<group>"; };
		1CA8CF67281B8EC0004AC253 /* profileVC.swift */ = {isa = PBXFileReference; lastKnownFileType = sourcecode.swift; path = profileVC.swift; sourceTree = "<group>"; };
		C7077AF1280F3EE100B52A0C /* DesignExtension.swift */ = {isa = PBXFileReference; lastKnownFileType = sourcecode.swift; path = DesignExtension.swift; sourceTree = "<group>"; };
		C7077AF3280F3F2E00B52A0C /* FirstLastNameVC.swift */ = {isa = PBXFileReference; lastKnownFileType = sourcecode.swift; path = FirstLastNameVC.swift; sourceTree = "<group>"; };
		C7077AF5280F469C00B52A0C /* EmailPhoneVC.swift */ = {isa = PBXFileReference; lastKnownFileType = sourcecode.swift; path = EmailPhoneVC.swift; sourceTree = "<group>"; };
		C722BF602818B01100458FAC /* HomeVC.swift */ = {isa = PBXFileReference; lastKnownFileType = sourcecode.swift; path = HomeVC.swift; sourceTree = "<group>"; };
		C722BF622818F1AC00458FAC /* HomelessVC.swift */ = {isa = PBXFileReference; lastKnownFileType = sourcecode.swift; path = HomelessVC.swift; sourceTree = "<group>"; };
		C722BF642819CF6B00458FAC /* YourChoreCell.swift */ = {isa = PBXFileReference; lastKnownFileType = sourcecode.swift; path = YourChoreCell.swift; sourceTree = "<group>"; };
		C722BF66281A213000458FAC /* ChoreHalfSheetVC.swift */ = {isa = PBXFileReference; lastKnownFileType = sourcecode.swift; path = ChoreHalfSheetVC.swift; sourceTree = "<group>"; };
		C722BF68281A55E500458FAC /* AssignedMemberCell.swift */ = {isa = PBXFileReference; lastKnownFileType = sourcecode.swift; path = AssignedMemberCell.swift; sourceTree = "<group>"; };
		C73FEBDB280DE8D100C11888 /* Housemates.app */ = {isa = PBXFileReference; explicitFileType = wrapper.application; includeInIndex = 0; path = Housemates.app; sourceTree = BUILT_PRODUCTS_DIR; };
		C73FEBDE280DE8D100C11888 /* AppDelegate.swift */ = {isa = PBXFileReference; lastKnownFileType = sourcecode.swift; path = AppDelegate.swift; sourceTree = "<group>"; };
		C73FEBE0280DE8D100C11888 /* SceneDelegate.swift */ = {isa = PBXFileReference; lastKnownFileType = sourcecode.swift; path = SceneDelegate.swift; sourceTree = "<group>"; };
		C73FEBE5280DE8D100C11888 /* Base */ = {isa = PBXFileReference; lastKnownFileType = file.storyboard; name = Base; path = Base.lproj/Main.storyboard; sourceTree = "<group>"; };
		C73FEBE7280DE8D300C11888 /* Assets.xcassets */ = {isa = PBXFileReference; lastKnownFileType = folder.assetcatalog; path = Assets.xcassets; sourceTree = "<group>"; };
		C73FEBEA280DE8D300C11888 /* Base */ = {isa = PBXFileReference; lastKnownFileType = file.storyboard; name = Base; path = Base.lproj/LaunchScreen.storyboard; sourceTree = "<group>"; };
		C73FEBEC280DE8D300C11888 /* Info.plist */ = {isa = PBXFileReference; lastKnownFileType = text.plist.xml; path = Info.plist; sourceTree = "<group>"; };
		C73FEBF1280DE8D300C11888 /* HousematesTests.xctest */ = {isa = PBXFileReference; explicitFileType = wrapper.cfbundle; includeInIndex = 0; path = HousematesTests.xctest; sourceTree = BUILT_PRODUCTS_DIR; };
		C73FEBF5280DE8D300C11888 /* HousematesTests.swift */ = {isa = PBXFileReference; lastKnownFileType = sourcecode.swift; path = HousematesTests.swift; sourceTree = "<group>"; };
		C73FEBFB280DE8D300C11888 /* HousematesUITests.xctest */ = {isa = PBXFileReference; explicitFileType = wrapper.cfbundle; includeInIndex = 0; path = HousematesUITests.xctest; sourceTree = BUILT_PRODUCTS_DIR; };
		C73FEBFF280DE8D300C11888 /* HousematesUITests.swift */ = {isa = PBXFileReference; lastKnownFileType = sourcecode.swift; path = HousematesUITests.swift; sourceTree = "<group>"; };
		C73FEC01280DE8D300C11888 /* HousematesUITestsLaunchTests.swift */ = {isa = PBXFileReference; lastKnownFileType = sourcecode.swift; path = HousematesUITestsLaunchTests.swift; sourceTree = "<group>"; };
		C73FEC12280DF40600C11888 /* LoginVC.swift */ = {isa = PBXFileReference; lastKnownFileType = sourcecode.swift; path = LoginVC.swift; sourceTree = "<group>"; };
		C76F0FF2281C7BEC0071C82A /* ServerExtension.swift */ = {isa = PBXFileReference; lastKnownFileType = sourcecode.swift; path = ServerExtension.swift; sourceTree = "<group>"; };
		C76F0FF4281C85020071C82A /* ChoresVC.swift */ = {isa = PBXFileReference; lastKnownFileType = sourcecode.swift; path = ChoresVC.swift; sourceTree = "<group>"; };
		C76F0FF6281C8A5A0071C82A /* CustomSegue.swift */ = {isa = PBXFileReference; lastKnownFileType = sourcecode.swift; path = CustomSegue.swift; sourceTree = "<group>"; };
		C76F0FF8281F1F590071C82A /* MembersVC.swift */ = {isa = PBXFileReference; lastKnownFileType = sourcecode.swift; path = MembersVC.swift; sourceTree = "<group>"; };
		C76F0FFC281F26FE0071C82A /* DimmingVC.swift */ = {isa = PBXFileReference; lastKnownFileType = sourcecode.swift; path = DimmingVC.swift; sourceTree = "<group>"; };
		C76F1002282049C10071C82A /* MemberCell.swift */ = {isa = PBXFileReference; lastKnownFileType = sourcecode.swift; path = MemberCell.swift; sourceTree = "<group>"; };
		C7D453B22825A35300DFBB83 /* AddChoresVC.swift */ = {isa = PBXFileReference; lastKnownFileType = sourcecode.swift; path = AddChoresVC.swift; sourceTree = "<group>"; };
/* End PBXFileReference section */

/* Begin PBXFrameworksBuildPhase section */
		C73FEBD8280DE8D100C11888 /* Frameworks */ = {
			isa = PBXFrameworksBuildPhase;
			buildActionMask = 2147483647;
			files = (
			);
			runOnlyForDeploymentPostprocessing = 0;
		};
		C73FEBEE280DE8D300C11888 /* Frameworks */ = {
			isa = PBXFrameworksBuildPhase;
			buildActionMask = 2147483647;
			files = (
			);
			runOnlyForDeploymentPostprocessing = 0;
		};
		C73FEBF8280DE8D300C11888 /* Frameworks */ = {
			isa = PBXFrameworksBuildPhase;
			buildActionMask = 2147483647;
			files = (
			);
			runOnlyForDeploymentPostprocessing = 0;
		};
/* End PBXFrameworksBuildPhase section */

/* Begin PBXGroup section */
		1CA8CF66281B8B81004AC253 /* Profile */ = {
			isa = PBXGroup;
			children = (
				1CA8CF67281B8EC0004AC253 /* profileVC.swift */,
			);
			path = Profile;
			sourceTree = "<group>";
		};
		C7077AF7280F46BF00B52A0C /* LogIn */ = {
			isa = PBXGroup;
			children = (
				C73FEC12280DF40600C11888 /* LoginVC.swift */,
				C7077AF3280F3F2E00B52A0C /* FirstLastNameVC.swift */,
				C7077AF5280F469C00B52A0C /* EmailPhoneVC.swift */,
				1C6C6835280FA3BE006D3338 /* PasswordVC.swift */,
			);
			path = LogIn;
			sourceTree = "<group>";
		};
		C722BF5F2818AFE100458FAC /* Home */ = {
			isa = PBXGroup;
			children = (
				C76F1001282049500071C82A /* Chores */,
				C76F10002820491F0071C82A /* Members */,
				C722BF602818B01100458FAC /* HomeVC.swift */,
				C722BF622818F1AC00458FAC /* HomelessVC.swift */,
				C722BF642819CF6B00458FAC /* YourChoreCell.swift */,
				C722BF66281A213000458FAC /* ChoreHalfSheetVC.swift */,
				C722BF68281A55E500458FAC /* AssignedMemberCell.swift */,
				C76F0FFC281F26FE0071C82A /* DimmingVC.swift */,
			);
			path = Home;
			sourceTree = "<group>";
		};
		C73FEBD2280DE8D100C11888 = {
			isa = PBXGroup;
			children = (
				C73FEBDD280DE8D100C11888 /* Housemates */,
				C73FEBF4280DE8D300C11888 /* HousematesTests */,
				C73FEBFE280DE8D300C11888 /* HousematesUITests */,
				C73FEBDC280DE8D100C11888 /* Products */,
			);
			sourceTree = "<group>";
		};
		C73FEBDC280DE8D100C11888 /* Products */ = {
			isa = PBXGroup;
			children = (
				C73FEBDB280DE8D100C11888 /* Housemates.app */,
				C73FEBF1280DE8D300C11888 /* HousematesTests.xctest */,
				C73FEBFB280DE8D300C11888 /* HousematesUITests.xctest */,
			);
			name = Products;
			sourceTree = "<group>";
		};
		C73FEBDD280DE8D100C11888 /* Housemates */ = {
			isa = PBXGroup;
			children = (
				1CA8CF66281B8B81004AC253 /* Profile */,
				C722BF5F2818AFE100458FAC /* Home */,
				C7077AF7280F46BF00B52A0C /* LogIn */,
				C73FEBDE280DE8D100C11888 /* AppDelegate.swift */,
				C73FEBE0280DE8D100C11888 /* SceneDelegate.swift */,
				C73FEBE4280DE8D100C11888 /* Main.storyboard */,
				C73FEBE7280DE8D300C11888 /* Assets.xcassets */,
				C73FEBE9280DE8D300C11888 /* LaunchScreen.storyboard */,
				C73FEBEC280DE8D300C11888 /* Info.plist */,
				C76F0FF6281C8A5A0071C82A /* CustomSegue.swift */,
				C7077AF1280F3EE100B52A0C /* DesignExtension.swift */,
				C76F0FF2281C7BEC0071C82A /* ServerExtension.swift */,
			);
			path = Housemates;
			sourceTree = "<group>";
		};
		C73FEBF4280DE8D300C11888 /* HousematesTests */ = {
			isa = PBXGroup;
			children = (
				C73FEBF5280DE8D300C11888 /* HousematesTests.swift */,
			);
			path = HousematesTests;
			sourceTree = "<group>";
		};
		C73FEBFE280DE8D300C11888 /* HousematesUITests */ = {
			isa = PBXGroup;
			children = (
				C73FEBFF280DE8D300C11888 /* HousematesUITests.swift */,
				C73FEC01280DE8D300C11888 /* HousematesUITestsLaunchTests.swift */,
			);
			path = HousematesUITests;
			sourceTree = "<group>";
		};
		C76F10002820491F0071C82A /* Members */ = {
			isa = PBXGroup;
			children = (
				C76F0FF8281F1F590071C82A /* MembersVC.swift */,
				C76F1002282049C10071C82A /* MemberCell.swift */,
			);
			path = Members;
			sourceTree = "<group>";
		};
		C76F1001282049500071C82A /* Chores */ = {
			isa = PBXGroup;
			children = (
				C76F0FF4281C85020071C82A /* ChoresVC.swift */,
				C7D453B22825A35300DFBB83 /* AddChoresVC.swift */,
			);
			path = Chores;
			sourceTree = "<group>";
		};
/* End PBXGroup section */

/* Begin PBXNativeTarget section */
		C73FEBDA280DE8D100C11888 /* Housemates */ = {
			isa = PBXNativeTarget;
			buildConfigurationList = C73FEC05280DE8D300C11888 /* Build configuration list for PBXNativeTarget "Housemates" */;
			buildPhases = (
				C73FEBD7280DE8D100C11888 /* Sources */,
				C73FEBD8280DE8D100C11888 /* Frameworks */,
				C73FEBD9280DE8D100C11888 /* Resources */,
			);
			buildRules = (
			);
			dependencies = (
			);
			name = Housemates;
			productName = Housemates;
			productReference = C73FEBDB280DE8D100C11888 /* Housemates.app */;
			productType = "com.apple.product-type.application";
		};
		C73FEBF0280DE8D300C11888 /* HousematesTests */ = {
			isa = PBXNativeTarget;
			buildConfigurationList = C73FEC08280DE8D300C11888 /* Build configuration list for PBXNativeTarget "HousematesTests" */;
			buildPhases = (
				C73FEBED280DE8D300C11888 /* Sources */,
				C73FEBEE280DE8D300C11888 /* Frameworks */,
				C73FEBEF280DE8D300C11888 /* Resources */,
			);
			buildRules = (
			);
			dependencies = (
				C73FEBF3280DE8D300C11888 /* PBXTargetDependency */,
			);
			name = HousematesTests;
			productName = HousematesTests;
			productReference = C73FEBF1280DE8D300C11888 /* HousematesTests.xctest */;
			productType = "com.apple.product-type.bundle.unit-test";
		};
		C73FEBFA280DE8D300C11888 /* HousematesUITests */ = {
			isa = PBXNativeTarget;
			buildConfigurationList = C73FEC0B280DE8D300C11888 /* Build configuration list for PBXNativeTarget "HousematesUITests" */;
			buildPhases = (
				C73FEBF7280DE8D300C11888 /* Sources */,
				C73FEBF8280DE8D300C11888 /* Frameworks */,
				C73FEBF9280DE8D300C11888 /* Resources */,
			);
			buildRules = (
			);
			dependencies = (
				C73FEBFD280DE8D300C11888 /* PBXTargetDependency */,
			);
			name = HousematesUITests;
			productName = HousematesUITests;
			productReference = C73FEBFB280DE8D300C11888 /* HousematesUITests.xctest */;
			productType = "com.apple.product-type.bundle.ui-testing";
		};
/* End PBXNativeTarget section */

/* Begin PBXProject section */
		C73FEBD3280DE8D100C11888 /* Project object */ = {
			isa = PBXProject;
			attributes = {
				BuildIndependentTargetsInParallel = 1;
				LastSwiftUpdateCheck = 1320;
				LastUpgradeCheck = 1320;
				TargetAttributes = {
					C73FEBDA280DE8D100C11888 = {
						CreatedOnToolsVersion = 13.2.1;
					};
					C73FEBF0280DE8D300C11888 = {
						CreatedOnToolsVersion = 13.2.1;
						TestTargetID = C73FEBDA280DE8D100C11888;
					};
					C73FEBFA280DE8D300C11888 = {
						CreatedOnToolsVersion = 13.2.1;
						TestTargetID = C73FEBDA280DE8D100C11888;
					};
				};
			};
			buildConfigurationList = C73FEBD6280DE8D100C11888 /* Build configuration list for PBXProject "Housemates" */;
			compatibilityVersion = "Xcode 13.0";
			developmentRegion = en;
			hasScannedForEncodings = 0;
			knownRegions = (
				en,
				Base,
			);
			mainGroup = C73FEBD2280DE8D100C11888;
			productRefGroup = C73FEBDC280DE8D100C11888 /* Products */;
			projectDirPath = "";
			projectRoot = "";
			targets = (
				C73FEBDA280DE8D100C11888 /* Housemates */,
				C73FEBF0280DE8D300C11888 /* HousematesTests */,
				C73FEBFA280DE8D300C11888 /* HousematesUITests */,
			);
		};
/* End PBXProject section */

/* Begin PBXResourcesBuildPhase section */
		C73FEBD9280DE8D100C11888 /* Resources */ = {
			isa = PBXResourcesBuildPhase;
			buildActionMask = 2147483647;
			files = (
				C73FEBEB280DE8D300C11888 /* LaunchScreen.storyboard in Resources */,
				C73FEBE8280DE8D300C11888 /* Assets.xcassets in Resources */,
				C73FEBE6280DE8D100C11888 /* Main.storyboard in Resources */,
			);
			runOnlyForDeploymentPostprocessing = 0;
		};
		C73FEBEF280DE8D300C11888 /* Resources */ = {
			isa = PBXResourcesBuildPhase;
			buildActionMask = 2147483647;
			files = (
			);
			runOnlyForDeploymentPostprocessing = 0;
		};
		C73FEBF9280DE8D300C11888 /* Resources */ = {
			isa = PBXResourcesBuildPhase;
			buildActionMask = 2147483647;
			files = (
			);
			runOnlyForDeploymentPostprocessing = 0;
		};
/* End PBXResourcesBuildPhase section */

/* Begin PBXSourcesBuildPhase section */
		C73FEBD7280DE8D100C11888 /* Sources */ = {
			isa = PBXSourcesBuildPhase;
			buildActionMask = 2147483647;
			files = (
				C76F0FFD281F26FE0071C82A /* DimmingVC.swift in Sources */,
				C76F1003282049C10071C82A /* MemberCell.swift in Sources */,
				C76F0FF7281C8A5A0071C82A /* CustomSegue.swift in Sources */,
				C7077AF4280F3F2E00B52A0C /* FirstLastNameVC.swift in Sources */,
				C7077AF2280F3EE100B52A0C /* DesignExtension.swift in Sources */,
				C73FEBDF280DE8D100C11888 /* AppDelegate.swift in Sources */,
				C7D453B32825A35400DFBB83 /* AddChoresVC.swift in Sources */,
				C722BF612818B01100458FAC /* HomeVC.swift in Sources */,
				C722BF652819CF6B00458FAC /* YourChoreCell.swift in Sources */,
				C76F0FF3281C7BEC0071C82A /* ServerExtension.swift in Sources */,
				C722BF632818F1AC00458FAC /* HomelessVC.swift in Sources */,
				C73FEC13280DF40600C11888 /* LoginVC.swift in Sources */,
				1C6C6836280FA3BE006D3338 /* PasswordVC.swift in Sources */,
				C7077AF6280F469C00B52A0C /* EmailPhoneVC.swift in Sources */,
				C722BF69281A55E500458FAC /* AssignedMemberCell.swift in Sources */,
				1CA8CF68281B8EC0004AC253 /* profileVC.swift in Sources */,
				C73FEBE1280DE8D100C11888 /* SceneDelegate.swift in Sources */,
				C76F0FF5281C85020071C82A /* ChoresVC.swift in Sources */,
				C76F0FF9281F1F590071C82A /* MembersVC.swift in Sources */,
				C722BF67281A213000458FAC /* ChoreHalfSheetVC.swift in Sources */,
			);
			runOnlyForDeploymentPostprocessing = 0;
		};
		C73FEBED280DE8D300C11888 /* Sources */ = {
			isa = PBXSourcesBuildPhase;
			buildActionMask = 2147483647;
			files = (
				C73FEBF6280DE8D300C11888 /* HousematesTests.swift in Sources */,
			);
			runOnlyForDeploymentPostprocessing = 0;
		};
		C73FEBF7280DE8D300C11888 /* Sources */ = {
			isa = PBXSourcesBuildPhase;
			buildActionMask = 2147483647;
			files = (
				C73FEC02280DE8D300C11888 /* HousematesUITestsLaunchTests.swift in Sources */,
				C73FEC00280DE8D300C11888 /* HousematesUITests.swift in Sources */,
			);
			runOnlyForDeploymentPostprocessing = 0;
		};
/* End PBXSourcesBuildPhase section */

/* Begin PBXTargetDependency section */
		C73FEBF3280DE8D300C11888 /* PBXTargetDependency */ = {
			isa = PBXTargetDependency;
			target = C73FEBDA280DE8D100C11888 /* Housemates */;
			targetProxy = C73FEBF2280DE8D300C11888 /* PBXContainerItemProxy */;
		};
		C73FEBFD280DE8D300C11888 /* PBXTargetDependency */ = {
			isa = PBXTargetDependency;
			target = C73FEBDA280DE8D100C11888 /* Housemates */;
			targetProxy = C73FEBFC280DE8D300C11888 /* PBXContainerItemProxy */;
		};
/* End PBXTargetDependency section */

/* Begin PBXVariantGroup section */
		C73FEBE4280DE8D100C11888 /* Main.storyboard */ = {
			isa = PBXVariantGroup;
			children = (
				C73FEBE5280DE8D100C11888 /* Base */,
			);
			name = Main.storyboard;
			sourceTree = "<group>";
		};
		C73FEBE9280DE8D300C11888 /* LaunchScreen.storyboard */ = {
			isa = PBXVariantGroup;
			children = (
				C73FEBEA280DE8D300C11888 /* Base */,
			);
			name = LaunchScreen.storyboard;
			sourceTree = "<group>";
		};
/* End PBXVariantGroup section */

/* Begin XCBuildConfiguration section */
		C73FEC03280DE8D300C11888 /* Debug */ = {
			isa = XCBuildConfiguration;
			buildSettings = {
				ALWAYS_SEARCH_USER_PATHS = NO;
				CLANG_ANALYZER_NONNULL = YES;
				CLANG_ANALYZER_NUMBER_OBJECT_CONVERSION = YES_AGGRESSIVE;
				CLANG_CXX_LANGUAGE_STANDARD = "gnu++17";
				CLANG_CXX_LIBRARY = "libc++";
				CLANG_ENABLE_MODULES = YES;
				CLANG_ENABLE_OBJC_ARC = YES;
				CLANG_ENABLE_OBJC_WEAK = YES;
				CLANG_WARN_BLOCK_CAPTURE_AUTORELEASING = YES;
				CLANG_WARN_BOOL_CONVERSION = YES;
				CLANG_WARN_COMMA = YES;
				CLANG_WARN_CONSTANT_CONVERSION = YES;
				CLANG_WARN_DEPRECATED_OBJC_IMPLEMENTATIONS = YES;
				CLANG_WARN_DIRECT_OBJC_ISA_USAGE = YES_ERROR;
				CLANG_WARN_DOCUMENTATION_COMMENTS = YES;
				CLANG_WARN_EMPTY_BODY = YES;
				CLANG_WARN_ENUM_CONVERSION = YES;
				CLANG_WARN_INFINITE_RECURSION = YES;
				CLANG_WARN_INT_CONVERSION = YES;
				CLANG_WARN_NON_LITERAL_NULL_CONVERSION = YES;
				CLANG_WARN_OBJC_IMPLICIT_RETAIN_SELF = YES;
				CLANG_WARN_OBJC_LITERAL_CONVERSION = YES;
				CLANG_WARN_OBJC_ROOT_CLASS = YES_ERROR;
				CLANG_WARN_QUOTED_INCLUDE_IN_FRAMEWORK_HEADER = YES;
				CLANG_WARN_RANGE_LOOP_ANALYSIS = YES;
				CLANG_WARN_STRICT_PROTOTYPES = YES;
				CLANG_WARN_SUSPICIOUS_MOVE = YES;
				CLANG_WARN_UNGUARDED_AVAILABILITY = YES_AGGRESSIVE;
				CLANG_WARN_UNREACHABLE_CODE = YES;
				CLANG_WARN__DUPLICATE_METHOD_MATCH = YES;
				COPY_PHASE_STRIP = NO;
				DEBUG_INFORMATION_FORMAT = dwarf;
				ENABLE_STRICT_OBJC_MSGSEND = YES;
				ENABLE_TESTABILITY = YES;
				GCC_C_LANGUAGE_STANDARD = gnu11;
				GCC_DYNAMIC_NO_PIC = NO;
				GCC_NO_COMMON_BLOCKS = YES;
				GCC_OPTIMIZATION_LEVEL = 0;
				GCC_PREPROCESSOR_DEFINITIONS = (
					"DEBUG=1",
					"$(inherited)",
				);
				GCC_WARN_64_TO_32_BIT_CONVERSION = YES;
				GCC_WARN_ABOUT_RETURN_TYPE = YES_ERROR;
				GCC_WARN_UNDECLARED_SELECTOR = YES;
				GCC_WARN_UNINITIALIZED_AUTOS = YES_AGGRESSIVE;
				GCC_WARN_UNUSED_FUNCTION = YES;
				GCC_WARN_UNUSED_VARIABLE = YES;
				IPHONEOS_DEPLOYMENT_TARGET = 15.2;
				MTL_ENABLE_DEBUG_INFO = INCLUDE_SOURCE;
				MTL_FAST_MATH = YES;
				ONLY_ACTIVE_ARCH = YES;
				SDKROOT = iphoneos;
				SWIFT_ACTIVE_COMPILATION_CONDITIONS = DEBUG;
				SWIFT_OPTIMIZATION_LEVEL = "-Onone";
			};
			name = Debug;
		};
		C73FEC04280DE8D300C11888 /* Release */ = {
			isa = XCBuildConfiguration;
			buildSettings = {
				ALWAYS_SEARCH_USER_PATHS = NO;
				CLANG_ANALYZER_NONNULL = YES;
				CLANG_ANALYZER_NUMBER_OBJECT_CONVERSION = YES_AGGRESSIVE;
				CLANG_CXX_LANGUAGE_STANDARD = "gnu++17";
				CLANG_CXX_LIBRARY = "libc++";
				CLANG_ENABLE_MODULES = YES;
				CLANG_ENABLE_OBJC_ARC = YES;
				CLANG_ENABLE_OBJC_WEAK = YES;
				CLANG_WARN_BLOCK_CAPTURE_AUTORELEASING = YES;
				CLANG_WARN_BOOL_CONVERSION = YES;
				CLANG_WARN_COMMA = YES;
				CLANG_WARN_CONSTANT_CONVERSION = YES;
				CLANG_WARN_DEPRECATED_OBJC_IMPLEMENTATIONS = YES;
				CLANG_WARN_DIRECT_OBJC_ISA_USAGE = YES_ERROR;
				CLANG_WARN_DOCUMENTATION_COMMENTS = YES;
				CLANG_WARN_EMPTY_BODY = YES;
				CLANG_WARN_ENUM_CONVERSION = YES;
				CLANG_WARN_INFINITE_RECURSION = YES;
				CLANG_WARN_INT_CONVERSION = YES;
				CLANG_WARN_NON_LITERAL_NULL_CONVERSION = YES;
				CLANG_WARN_OBJC_IMPLICIT_RETAIN_SELF = YES;
				CLANG_WARN_OBJC_LITERAL_CONVERSION = YES;
				CLANG_WARN_OBJC_ROOT_CLASS = YES_ERROR;
				CLANG_WARN_QUOTED_INCLUDE_IN_FRAMEWORK_HEADER = YES;
				CLANG_WARN_RANGE_LOOP_ANALYSIS = YES;
				CLANG_WARN_STRICT_PROTOTYPES = YES;
				CLANG_WARN_SUSPICIOUS_MOVE = YES;
				CLANG_WARN_UNGUARDED_AVAILABILITY = YES_AGGRESSIVE;
				CLANG_WARN_UNREACHABLE_CODE = YES;
				CLANG_WARN__DUPLICATE_METHOD_MATCH = YES;
				COPY_PHASE_STRIP = NO;
				DEBUG_INFORMATION_FORMAT = "dwarf-with-dsym";
				ENABLE_NS_ASSERTIONS = NO;
				ENABLE_STRICT_OBJC_MSGSEND = YES;
				GCC_C_LANGUAGE_STANDARD = gnu11;
				GCC_NO_COMMON_BLOCKS = YES;
				GCC_WARN_64_TO_32_BIT_CONVERSION = YES;
				GCC_WARN_ABOUT_RETURN_TYPE = YES_ERROR;
				GCC_WARN_UNDECLARED_SELECTOR = YES;
				GCC_WARN_UNINITIALIZED_AUTOS = YES_AGGRESSIVE;
				GCC_WARN_UNUSED_FUNCTION = YES;
				GCC_WARN_UNUSED_VARIABLE = YES;
				IPHONEOS_DEPLOYMENT_TARGET = 15.2;
				MTL_ENABLE_DEBUG_INFO = NO;
				MTL_FAST_MATH = YES;
				SDKROOT = iphoneos;
				SWIFT_COMPILATION_MODE = wholemodule;
				SWIFT_OPTIMIZATION_LEVEL = "-O";
				VALIDATE_PRODUCT = YES;
			};
			name = Release;
		};
		C73FEC06280DE8D300C11888 /* Debug */ = {
			isa = XCBuildConfiguration;
			buildSettings = {
				ASSETCATALOG_COMPILER_APPICON_NAME = AppIcon;
				ASSETCATALOG_COMPILER_GLOBAL_ACCENT_COLOR_NAME = AccentColor;
				CODE_SIGN_STYLE = Automatic;
				CURRENT_PROJECT_VERSION = 1;
				DEVELOPMENT_TEAM = 97A6A6Z9V4;
				GENERATE_INFOPLIST_FILE = YES;
				INFOPLIST_FILE = Housemates/Info.plist;
				INFOPLIST_KEY_UIApplicationSupportsIndirectInputEvents = YES;
				INFOPLIST_KEY_UILaunchStoryboardName = LaunchScreen;
				INFOPLIST_KEY_UIMainStoryboardFile = Main;
				INFOPLIST_KEY_UISupportedInterfaceOrientations_iPad = "UIInterfaceOrientationPortrait UIInterfaceOrientationPortraitUpsideDown UIInterfaceOrientationLandscapeLeft UIInterfaceOrientationLandscapeRight";
				INFOPLIST_KEY_UISupportedInterfaceOrientations_iPhone = "UIInterfaceOrientationPortrait UIInterfaceOrientationLandscapeLeft UIInterfaceOrientationLandscapeRight";
				LD_RUNPATH_SEARCH_PATHS = (
					"$(inherited)",
					"@executable_path/Frameworks",
				);
				MARKETING_VERSION = 1.0;
				PRODUCT_BUNDLE_IDENTIFIER = housemates.memo.com.Housemates;
				PRODUCT_NAME = "$(TARGET_NAME)";
				SWIFT_EMIT_LOC_STRINGS = YES;
				SWIFT_VERSION = 5.0;
				TARGETED_DEVICE_FAMILY = "1,2";
			};
			name = Debug;
		};
		C73FEC07280DE8D300C11888 /* Release */ = {
			isa = XCBuildConfiguration;
			buildSettings = {
				ASSETCATALOG_COMPILER_APPICON_NAME = AppIcon;
				ASSETCATALOG_COMPILER_GLOBAL_ACCENT_COLOR_NAME = AccentColor;
				CODE_SIGN_STYLE = Automatic;
				CURRENT_PROJECT_VERSION = 1;
				DEVELOPMENT_TEAM = 97A6A6Z9V4;
				GENERATE_INFOPLIST_FILE = YES;
				INFOPLIST_FILE = Housemates/Info.plist;
				INFOPLIST_KEY_UIApplicationSupportsIndirectInputEvents = YES;
				INFOPLIST_KEY_UILaunchStoryboardName = LaunchScreen;
				INFOPLIST_KEY_UIMainStoryboardFile = Main;
				INFOPLIST_KEY_UISupportedInterfaceOrientations_iPad = "UIInterfaceOrientationPortrait UIInterfaceOrientationPortraitUpsideDown UIInterfaceOrientationLandscapeLeft UIInterfaceOrientationLandscapeRight";
				INFOPLIST_KEY_UISupportedInterfaceOrientations_iPhone = "UIInterfaceOrientationPortrait UIInterfaceOrientationLandscapeLeft UIInterfaceOrientationLandscapeRight";
				LD_RUNPATH_SEARCH_PATHS = (
					"$(inherited)",
					"@executable_path/Frameworks",
				);
				MARKETING_VERSION = 1.0;
				PRODUCT_BUNDLE_IDENTIFIER = housemates.memo.com.Housemates;
				PRODUCT_NAME = "$(TARGET_NAME)";
				SWIFT_EMIT_LOC_STRINGS = YES;
				SWIFT_VERSION = 5.0;
				TARGETED_DEVICE_FAMILY = "1,2";
			};
			name = Release;
		};
		C73FEC09280DE8D300C11888 /* Debug */ = {
			isa = XCBuildConfiguration;
			buildSettings = {
				ALWAYS_EMBED_SWIFT_STANDARD_LIBRARIES = YES;
				BUNDLE_LOADER = "$(TEST_HOST)";
				CODE_SIGN_STYLE = Automatic;
				CURRENT_PROJECT_VERSION = 1;
				DEVELOPMENT_TEAM = 97A6A6Z9V4;
				GENERATE_INFOPLIST_FILE = YES;
				IPHONEOS_DEPLOYMENT_TARGET = 15.2;
				MARKETING_VERSION = 1.0;
				PRODUCT_BUNDLE_IDENTIFIER = housemates.memo.com.HousematesTests;
				PRODUCT_NAME = "$(TARGET_NAME)";
				SWIFT_EMIT_LOC_STRINGS = NO;
				SWIFT_VERSION = 5.0;
				TARGETED_DEVICE_FAMILY = "1,2";
				TEST_HOST = "$(BUILT_PRODUCTS_DIR)/Housemates.app/Housemates";
			};
			name = Debug;
		};
		C73FEC0A280DE8D300C11888 /* Release */ = {
			isa = XCBuildConfiguration;
			buildSettings = {
				ALWAYS_EMBED_SWIFT_STANDARD_LIBRARIES = YES;
				BUNDLE_LOADER = "$(TEST_HOST)";
				CODE_SIGN_STYLE = Automatic;
				CURRENT_PROJECT_VERSION = 1;
				DEVELOPMENT_TEAM = 97A6A6Z9V4;
				GENERATE_INFOPLIST_FILE = YES;
				IPHONEOS_DEPLOYMENT_TARGET = 15.2;
				MARKETING_VERSION = 1.0;
				PRODUCT_BUNDLE_IDENTIFIER = housemates.memo.com.HousematesTests;
				PRODUCT_NAME = "$(TARGET_NAME)";
				SWIFT_EMIT_LOC_STRINGS = NO;
				SWIFT_VERSION = 5.0;
				TARGETED_DEVICE_FAMILY = "1,2";
				TEST_HOST = "$(BUILT_PRODUCTS_DIR)/Housemates.app/Housemates";
			};
			name = Release;
		};
		C73FEC0C280DE8D300C11888 /* Debug */ = {
			isa = XCBuildConfiguration;
			buildSettings = {
				ALWAYS_EMBED_SWIFT_STANDARD_LIBRARIES = YES;
				CODE_SIGN_STYLE = Automatic;
				CURRENT_PROJECT_VERSION = 1;
				DEVELOPMENT_TEAM = 97A6A6Z9V4;
				GENERATE_INFOPLIST_FILE = YES;
				MARKETING_VERSION = 1.0;
				PRODUCT_BUNDLE_IDENTIFIER = housemates.memo.com.HousematesUITests;
				PRODUCT_NAME = "$(TARGET_NAME)";
				SWIFT_EMIT_LOC_STRINGS = NO;
				SWIFT_VERSION = 5.0;
				TARGETED_DEVICE_FAMILY = "1,2";
				TEST_TARGET_NAME = Housemates;
			};
			name = Debug;
		};
		C73FEC0D280DE8D300C11888 /* Release */ = {
			isa = XCBuildConfiguration;
			buildSettings = {
				ALWAYS_EMBED_SWIFT_STANDARD_LIBRARIES = YES;
				CODE_SIGN_STYLE = Automatic;
				CURRENT_PROJECT_VERSION = 1;
				DEVELOPMENT_TEAM = 97A6A6Z9V4;
				GENERATE_INFOPLIST_FILE = YES;
				MARKETING_VERSION = 1.0;
				PRODUCT_BUNDLE_IDENTIFIER = housemates.memo.com.HousematesUITests;
				PRODUCT_NAME = "$(TARGET_NAME)";
				SWIFT_EMIT_LOC_STRINGS = NO;
				SWIFT_VERSION = 5.0;
				TARGETED_DEVICE_FAMILY = "1,2";
				TEST_TARGET_NAME = Housemates;
			};
			name = Release;
		};
/* End XCBuildConfiguration section */

/* Begin XCConfigurationList section */
		C73FEBD6280DE8D100C11888 /* Build configuration list for PBXProject "Housemates" */ = {
			isa = XCConfigurationList;
			buildConfigurations = (
				C73FEC03280DE8D300C11888 /* Debug */,
				C73FEC04280DE8D300C11888 /* Release */,
			);
			defaultConfigurationIsVisible = 0;
			defaultConfigurationName = Release;
		};
		C73FEC05280DE8D300C11888 /* Build configuration list for PBXNativeTarget "Housemates" */ = {
			isa = XCConfigurationList;
			buildConfigurations = (
				C73FEC06280DE8D300C11888 /* Debug */,
				C73FEC07280DE8D300C11888 /* Release */,
			);
			defaultConfigurationIsVisible = 0;
			defaultConfigurationName = Release;
		};
		C73FEC08280DE8D300C11888 /* Build configuration list for PBXNativeTarget "HousematesTests" */ = {
			isa = XCConfigurationList;
			buildConfigurations = (
				C73FEC09280DE8D300C11888 /* Debug */,
				C73FEC0A280DE8D300C11888 /* Release */,
			);
			defaultConfigurationIsVisible = 0;
			defaultConfigurationName = Release;
		};
		C73FEC0B280DE8D300C11888 /* Build configuration list for PBXNativeTarget "HousematesUITests" */ = {
			isa = XCConfigurationList;
			buildConfigurations = (
				C73FEC0C280DE8D300C11888 /* Debug */,
				C73FEC0D280DE8D300C11888 /* Release */,
			);
			defaultConfigurationIsVisible = 0;
			defaultConfigurationName = Release;
		};
/* End XCConfigurationList section */
	};
	rootObject = C73FEBD3280DE8D100C11888 /* Project object */;
}
